
Microsoft Visual Studio Solution File, Format Version 12.00
# Visual Studio Version 17
VisualStudioVersion = 17.8.34316.72
MinimumVisualStudioVersion = 10.0.40219.1
Project("{FAE04EC0-301F-11D3-BF4B-00C04F79EFBC}") = "MordernSlidingSidebar", "MordernSlidingSidebar.csproj", "{ED2679E7-CA45-4E02-A041-B5B526F76052}"
EndProject
Global
	GlobalSection(SolutionConfigurationPlatforms) = preSolution
		Debug|Any CPU = Debug|Any CPU
		Release|Any CPU = Release|Any CPU
	EndGlobalSection
	GlobalSection(ProjectConfigurationPlatforms) = postSolution
		{ED2679E7-CA45-4E02-A041-B5B526F76052}.Debug|Any CPU.ActiveCfg = Debug|Any CPU
		{ED2679E7-CA45-4E02-A041-B5B526F76052}.Debug|Any CPU.Build.0 = Debug|Any CPU
		{ED2679E7-CA45-4E02-A041-B5B526F76052}.Release|Any CPU.ActiveCfg = Release|Any CPU
		{ED2679E7-CA45-4E02-A041-B5B526F76052}.Release|Any CPU.Build.0 = Release|Any CPU
	EndGlobalSection
	GlobalSection(SolutionProperties) = preSolution
		HideSolutionNode = FALSE
	EndGlobalSection
	GlobalSection(ExtensibilityGlobals) = postSolution
		SolutionGuid = {FF870497-1CC7-41CE-AD44-9659A696C25C}
	EndGlobalSection
EndGlobal
